{
  "lib/common": {
    "tag": {
      "name": "v1.4.0",
      "rev": "613d2d95a476612270324ecbe92317eb5e9bc98f"
    }
  },
  "lib/forge-std": {
    "branch": {
      "name": "v1",
      "rev": "ff47d4052a6018d9e5419e5cf013b16ff8006aae"
    }
  },
  "lib/newton-contracts": {
    "rev": "54b85f774ee1e81a68edf366a783a986c5e3c4a6"
  },
  "lib/openzeppelin-foundry-upgrades": {
    "rev": "78048ebe3be1fa256182d9c8c4f9a64587c0d6b3"
  },
  "lib/uniswap-v4-periphery": {
    "rev": "ad04c9f24a170accf5ea1b2836bbafd514537ca6"
  },
  "lib/wrapped-m-token": {
    "branch": {
      "name": "feat/swap-facility-support",
      "rev": "49b88215911d52a47b0da94177fb6f647d90301a"
    }
  }
}